
Microsoft Visual Studio Solution File, Format Version 12.00
# Visual Studio Version 16
VisualStudioVersion = 16.0.30503.244
MinimumVisualStudioVersion = 10.0.40219.1
Project("{FAE04EC0-301F-11D3-BF4B-00C04F79EFBC}") = "SocketStudy", "SocketStudy\SocketStudy.csproj", "{3DBC1D3D-1EC7-461E-87C3-B83310042F23}"
EndProject
Global
	GlobalSection(SolutionConfigurationPlatforms) = preSolution
		Debug|Any CPU = Debug|Any CPU
		Release|Any CPU = Release|Any CPU
	EndGlobalSection
	GlobalSection(ProjectConfigurationPlatforms) = postSolution
		{3DBC1D3D-1EC7-461E-87C3-B83310042F23}.Debug|Any CPU.ActiveCfg = Debug|Any CPU
		{3DBC1D3D-1EC7-461E-87C3-B83310042F23}.Debug|Any CPU.Build.0 = Debug|Any CPU
		{3DBC1D3D-1EC7-461E-87C3-B83310042F23}.Release|Any CPU.ActiveCfg = Release|Any CPU
		{3DBC1D3D-1EC7-461E-87C3-B83310042F23}.Release|Any CPU.Build.0 = Release|Any CPU
	EndGlobalSection
	GlobalSection(SolutionProperties) = preSolution
		HideSolutionNode = FALSE
	EndGlobalSection
	GlobalSection(ExtensibilityGlobals) = postSolution
		SolutionGuid = {57E908CF-F057-4D29-AA0B-1EB7D15B8EA9}
	EndGlobalSection
EndGlobal
